// !$*UTF8*$!
{
	archiveVersion = 1;
	classes = {
	};
	objectVersion = 46;
	objects = {

/* Begin PBXBuildFile section */
		E2DCFCF11F726AA200241778 /* main.m in Sources */ = {isa = PBXBuildFile; fileRef = E2DCFCF01F726AA200241778 /* main.m */; };
		E2DCFCF41F726AA200241778 /* AppDelegate.m in Sources */ = {isa = PBXBuildFile; fileRef = E2DCFCF31F726AA200241778 /* AppDelegate.m */; };
		E2DCFCF71F726AA200241778 /* ViewController.m in Sources */ = {isa = PBXBuildFile; fileRef = E2DCFCF61F726AA200241778 /* ViewController.m */; };
		E2DCFCFA1F726AA200241778 /* Main.storyboard in Resources */ = {isa = PBXBuildFile; fileRef = E2DCFCF81F726AA200241778 /* Main.storyboard */; };
		E2DCFCFC1F726AA200241778 /* Assets.xcassets in Resources */ = {isa = PBXBuildFile; fileRef = E2DCFCFB1F726AA200241778 /* Assets.xcassets */; };
		E2DCFCFF1F726AA200241778 /* LaunchScreen.storyboard in Resources */ = {isa = PBXBuildFile; fileRef = E2DCFCFD1F726AA200241778 /* LaunchScreen.storyboard */; };
		E2DCFD0A1F726ABC00241778 /* Dog.m in Sources */ = {isa = PBXBuildFile; fileRef = E2DCFD081F726ABC00241778 /* Dog.m */; };
		E2DCFD0B1F726ABC00241778 /* People.m in Sources */ = {isa = PBXBuildFile; fileRef = E2DCFD091F726ABC00241778 /* People.m */; };
		E2DCFD111F726AED00241778 /* RuntimeMethod.m in Sources */ = {isa = PBXBuildFile; fileRef = E2DCFD101F726AED00241778 /* RuntimeMethod.m */; };
/* End PBXBuildFile section */

/* Begin PBXFileReference section */
		E2DCFCEC1F726AA200241778 /* Runtime-Method.app */ = {isa = PBXFileReference; explicitFileType = wrapper.application; includeInIndex = 0; path = "Runtime-Method.app"; sourceTree = BUILT_PRODUCTS_DIR; };
		E2DCFCF01F726AA200241778 /* main.m */ = {isa = PBXFileReference; lastKnownFileType = sourcecode.c.objc; path = main.m; sourceTree = "<group>"; };
		E2DCFCF21F726AA200241778 /* AppDelegate.h */ = {isa = PBXFileReference; lastKnownFileType = sourcecode.c.h; path = AppDelegate.h; sourceTree = "<group>"; };
		E2DCFCF31F726AA200241778 /* AppDelegate.m */ = {isa = PBXFileReference; lastKnownFileType = sourcecode.c.objc; path = AppDelegate.m; sourceTree = "<group>"; };
		E2DCFCF51F726AA200241778 /* ViewController.h */ = {isa = PBXFileReference; lastKnownFileType = sourcecode.c.h; path = ViewController.h; sourceTree = "<group>"; };
		E2DCFCF61F726AA200241778 /* ViewController.m */ = {isa = PBXFileReference; lastKnownFileType = sourcecode.c.objc; path = ViewController.m; sourceTree = "<group>"; };
		E2DCFCF91F726AA200241778 /* Base */ = {isa = PBXFileReference; lastKnownFileType = file.storyboard; name = Base; path = Base.lproj/Main.storyboard; sourceTree = "<group>"; };
		E2DCFCFB1F726AA200241778 /* Assets.xcassets */ = {isa = PBXFileReference; lastKnownFileType = folder.assetcatalog; path = Assets.xcassets; sourceTree = "<group>"; };
		E2DCFCFE1F726AA200241778 /* Base */ = {isa = PBXFileReference; lastKnownFileType = file.storyboard; name = Base; path = Base.lproj/LaunchScreen.storyboard; sourceTree = "<group>"; };
		E2DCFD001F726AA200241778 /* Info.plist */ = {isa = PBXFileReference; lastKnownFileType = text.plist.xml; path = Info.plist; sourceTree = "<group>"; };
		E2DCFD061F726ABC00241778 /* Dog.h */ = {isa = PBXFileReference; fileEncoding = 4; lastKnownFileType = sourcecode.c.h; path = Dog.h; sourceTree = "<group>"; };
		E2DCFD071F726ABC00241778 /* People.h */ = {isa = PBXFileReference; fileEncoding = 4; lastKnownFileType = sourcecode.c.h; path = People.h; sourceTree = "<group>"; };
		E2DCFD081F726ABC00241778 /* Dog.m */ = {isa = PBXFileReference; fileEncoding = 4; lastKnownFileType = sourcecode.c.objc; path = Dog.m; sourceTree = "<group>"; };
		E2DCFD091F726ABC00241778 /* People.m */ = {isa = PBXFileReference; fileEncoding = 4; lastKnownFileType = sourcecode.c.objc; path = People.m; sourceTree = "<group>"; };
		E2DCFD0F1F726AED00241778 /* RuntimeMethod.h */ = {isa = PBXFileReference; fileEncoding = 4; lastKnownFileType = sourcecode.c.h; path = RuntimeMethod.h; sourceTree = "<group>"; };
		E2DCFD101F726AED00241778 /* RuntimeMethod.m */ = {isa = PBXFileReference; fileEncoding = 4; lastKnownFileType = sourcecode.c.objc; path = RuntimeMethod.m; sourceTree = "<group>"; };
/* End PBXFileReference section */

/* Begin PBXFrameworksBuildPhase section */
		E2DCFCE91F726AA200241778 /* Frameworks */ = {
			isa = PBXFrameworksBuildPhase;
			buildActionMask = 2147483647;
			files = (
			);
			runOnlyForDeploymentPostprocessing = 0;
		};
/* End PBXFrameworksBuildPhase section */

/* Begin PBXGroup section */
		E2DCFCE31F726AA200241778 = {
			isa = PBXGroup;
			children = (
				E2DCFCEE1F726AA200241778 /* Runtime-Method */,
				E2DCFCED1F726AA200241778 /* Products */,
			);
			sourceTree = "<group>";
		};
		E2DCFCED1F726AA200241778 /* Products */ = {
			isa = PBXGroup;
			children = (
				E2DCFCEC1F726AA200241778 /* Runtime-Method.app */,
			);
			name = Products;
			sourceTree = "<group>";
		};
		E2DCFCEE1F726AA200241778 /* Runtime-Method */ = {
			isa = PBXGroup;
			children = (
				E2DCFCF21F726AA200241778 /* AppDelegate.h */,
				E2DCFCF31F726AA200241778 /* AppDelegate.m */,
				E2DCFCF51F726AA200241778 /* ViewController.h */,
				E2DCFCF61F726AA200241778 /* ViewController.m */,
				E2DCFD061F726ABC00241778 /* Dog.h */,
				E2DCFD081F726ABC00241778 /* Dog.m */,
				E2DCFD071F726ABC00241778 /* People.h */,
				E2DCFD091F726ABC00241778 /* People.m */,
				E2DCFD0F1F726AED00241778 /* RuntimeMethod.h */,
				E2DCFD101F726AED00241778 /* RuntimeMethod.m */,
				E2DCFCF81F726AA200241778 /* Main.storyboard */,
				E2DCFCFB1F726AA200241778 /* Assets.xcassets */,
				E2DCFCFD1F726AA200241778 /* LaunchScreen.storyboard */,
				E2DCFD001F726AA200241778 /* Info.plist */,
				E2DCFCEF1F726AA200241778 /* Supporting Files */,
			);
			path = "Runtime-Method";
			sourceTree = "<group>";
		};
		E2DCFCEF1F726AA200241778 /* Supporting Files */ = {
			isa = PBXGroup;
			children = (
				E2DCFCF01F726AA200241778 /* main.m */,
			);
			name = "Supporting Files";
			sourceTree = "<group>";
		};
/* End PBXGroup section */

/* Begin PBXNativeTarget section */
		E2DCFCEB1F726AA200241778 /* Runtime-Method */ = {
			isa = PBXNativeTarget;
			buildConfigurationList = E2DCFD031F726AA200241778 /* Build configuration list for PBXNativeTarget "Runtime-Method" */;
			buildPhases = (
				E2DCFCE81F726AA200241778 /* Sources */,
				E2DCFCE91F726AA200241778 /* Frameworks */,
				E2DCFCEA1F726AA200241778 /* Resources */,
			);
			buildRules = (
			);
			dependencies = (
			);
			name = "Runtime-Method";
			productName = "Runtime-Method";
			productReference = E2DCFCEC1F726AA200241778 /* Runtime-Method.app */;
			productType = "com.apple.product-type.application";
		};
/* End PBXNativeTarget section */

/* Begin PBXProject section */
		E2DCFCE41F726AA200241778 /* Project object */ = {
			isa = PBXProject;
			attributes = {
				LastUpgradeCheck = 0830;
				ORGANIZATIONNAME = "黎明";
				TargetAttributes = {
					E2DCFCEB1F726AA200241778 = {
						CreatedOnToolsVersion = 8.3.3;
						ProvisioningStyle = Automatic;
					};
				};
			};
			buildConfigurationList = E2DCFCE71F726AA200241778 /* Build configuration list for PBXProject "Runtime-Method" */;
			compatibilityVersion = "Xcode 3.2";
			developmentRegion = English;
			hasScannedForEncodings = 0;
			knownRegions = (
				en,
				Base,
			);
			mainGroup = E2DCFCE31F726AA200241778;
			productRefGroup = E2DCFCED1F726AA200241778 /* Products */;
			projectDirPath = "";
			projectRoot = "";
			targets = (
				E2DCFCEB1F726AA200241778 /* Runtime-Method */,
			);
		};
/* End PBXProject section */

/* Begin PBXResourcesBuildPhase section */
		E2DCFCEA1F726AA200241778 /* Resources */ = {
			isa = PBXResourcesBuildPhase;
			buildActionMask = 2147483647;
			files = (
				E2DCFCFF1F726AA200241778 /* LaunchScreen.storyboard in Resources */,
				E2DCFCFC1F726AA200241778 /* Assets.xcassets in Resources */,
				E2DCFCFA1F726AA200241778 /* Main.storyboard in Resources */,
			);
			runOnlyForDeploymentPostprocessing = 0;
		};
/* End PBXResourcesBuildPhase section */

/* Begin PBXSourcesBuildPhase section */
		E2DCFCE81F726AA200241778 /* Sources */ = {
			isa = PBXSourcesBuildPhase;
			buildActionMask = 2147483647;
			files = (
				E2DCFCF71F726AA200241778 /* ViewController.m in Sources */,
				E2DCFCF41F726AA200241778 /* AppDelegate.m in Sources */,
				E2DCFD0B1F726ABC00241778 /* People.m in Sources */,
				E2DCFD0A1F726ABC00241778 /* Dog.m in Sources */,
				E2DCFCF11F726AA200241778 /* main.m in Sources */,
				E2DCFD111F726AED00241778 /* RuntimeMethod.m in Sources */,
			);
			runOnlyForDeploymentPostprocessing = 0;
		};
/* End PBXSourcesBuildPhase section */

/* Begin PBXVariantGroup section */
		E2DCFCF81F726AA200241778 /* Main.storyboard */ = {
			isa = PBXVariantGroup;
			children = (
				E2DCFCF91F726AA200241778 /* Base */,
			);
			name = Main.storyboard;
			sourceTree = "<group>";
		};
		E2DCFCFD1F726AA200241778 /* LaunchScreen.storyboard */ = {
			isa = PBXVariantGroup;
			children = (
				E2DCFCFE1F726AA200241778 /* Base */,
			);
			name = LaunchScreen.storyboard;
			sourceTree = "<group>";
		};
/* End PBXVariantGroup section */

/* Begin XCBuildConfiguration section */
		E2DCFD011F726AA200241778 /* Debug */ = {
			isa = XCBuildConfiguration;
			buildSettings = {
				ALWAYS_SEARCH_USER_PATHS = NO;
				CLANG_ANALYZER_NONNULL = YES;
				CLANG_ANALYZER_NUMBER_OBJECT_CONVERSION = YES_AGGRESSIVE;
				CLANG_CXX_LANGUAGE_STANDARD = "gnu++0x";
				CLANG_CXX_LIBRARY = "libc++";
				CLANG_ENABLE_MODULES = YES;
				CLANG_ENABLE_OBJC_ARC = YES;
				CLANG_WARN_BOOL_CONVERSION = YES;
				CLANG_WARN_CONSTANT_CONVERSION = YES;
				CLANG_WARN_DIRECT_OBJC_ISA_USAGE = YES_ERROR;
				CLANG_WARN_DOCUMENTATION_COMMENTS = YES;
				CLANG_WARN_EMPTY_BODY = YES;
				CLANG_WARN_ENUM_CONVERSION = YES;
				CLANG_WARN_INFINITE_RECURSION = YES;
				CLANG_WARN_INT_CONVERSION = YES;
				CLANG_WARN_OBJC_ROOT_CLASS = YES_ERROR;
				CLANG_WARN_SUSPICIOUS_MOVE = YES;
				CLANG_WARN_UNREACHABLE_CODE = YES;
				CLANG_WARN__DUPLICATE_METHOD_MATCH = YES;
				"CODE_SIGN_IDENTITY[sdk=iphoneos*]" = "iPhone Developer";
				COPY_PHASE_STRIP = NO;
				DEBUG_INFORMATION_FORMAT = dwarf;
				ENABLE_STRICT_OBJC_MSGSEND = YES;
				ENABLE_TESTABILITY = YES;
				GCC_C_LANGUAGE_STANDARD = gnu99;
				GCC_DYNAMIC_NO_PIC = NO;
				GCC_NO_COMMON_BLOCKS = YES;
				GCC_OPTIMIZATION_LEVEL = 0;
				GCC_PREPROCESSOR_DEFINITIONS = (
					"DEBUG=1",
					"$(inherited)",
				);
				GCC_WARN_64_TO_32_BIT_CONVERSION = YES;
				GCC_WARN_ABOUT_RETURN_TYPE = YES_ERROR;
				GCC_WARN_UNDECLARED_SELECTOR = YES;
				GCC_WARN_UNINITIALIZED_AUTOS = YES_AGGRESSIVE;
				GCC_WARN_UNUSED_FUNCTION = YES;
				GCC_WARN_UNUSED_VARIABLE = YES;
				IPHONEOS_DEPLOYMENT_TARGET = 10.3;
				MTL_ENABLE_DEBUG_INFO = YES;
				ONLY_ACTIVE_ARCH = YES;
				SDKROOT = iphoneos;
				TARGETED_DEVICE_FAMILY = "1,2";
			};
			name = Debug;
		};
		E2DCFD021F726AA200241778 /* Release */ = {
			isa = XCBuildConfiguration;
			buildSettings = {
				ALWAYS_SEARCH_USER_PATHS = NO;
				CLANG_ANALYZER_NONNULL = YES;
				CLANG_ANALYZER_NUMBER_OBJECT_CONVERSION = YES_AGGRESSIVE;
				CLANG_CXX_LANGUAGE_STANDARD = "gnu++0x";
				CLANG_CXX_LIBRARY = "libc++";
				CLANG_ENABLE_MODULES = YES;
				CLANG_ENABLE_OBJC_ARC = YES;
				CLANG_WARN_BOOL_CONVERSION = YES;
				CLANG_WARN_CONSTANT_CONVERSION = YES;
				CLANG_WARN_DIRECT_OBJC_ISA_USAGE = YES_ERROR;
				CLANG_WARN_DOCUMENTATION_COMMENTS = YES;
				CLANG_WARN_EMPTY_BODY = YES;
				CLANG_WARN_ENUM_CONVERSION = YES;
				CLANG_WARN_INFINITE_RECURSION = YES;
				CLANG_WARN_INT_CONVERSION = YES;
				CLANG_WARN_OBJC_ROOT_CLASS = YES_ERROR;
				CLANG_WARN_SUSPICIOUS_MOVE = YES;
				CLANG_WARN_UNREACHABLE_CODE = YES;
				CLANG_WARN__DUPLICATE_METHOD_MATCH = YES;
				"CODE_SIGN_IDENTITY[sdk=iphoneos*]" = "iPhone Developer";
				COPY_PHASE_STRIP = NO;
				DEBUG_INFORMATION_FORMAT = "dwarf-with-dsym";
				ENABLE_NS_ASSERTIONS = NO;
				ENABLE_STRICT_OBJC_MSGSEND = YES;
				GCC_C_LANGUAGE_STANDARD = gnu99;
				GCC_NO_COMMON_BLOCKS = YES;
				GCC_WARN_64_TO_32_BIT_CONVERSION = YES;
				GCC_WARN_ABOUT_RETURN_TYPE = YES_ERROR;
				GCC_WARN_UNDECLARED_SELECTOR = YES;
				GCC_WARN_UNINITIALIZED_AUTOS = YES_AGGRESSIVE;
				GCC_WARN_UNUSED_FUNCTION = YES;
				GCC_WARN_UNUSED_VARIABLE = YES;
				IPHONEOS_DEPLOYMENT_TARGET = 10.3;
				MTL_ENABLE_DEBUG_INFO = NO;
				SDKROOT = iphoneos;
				TARGETED_DEVICE_FAMILY = "1,2";
				VALIDATE_PRODUCT = YES;
			};
			name = Release;
		};
		E2DCFD041F726AA200241778 /* Debug */ = {
			isa = XCBuildConfiguration;
			buildSettings = {
				ASSETCATALOG_COMPILER_APPICON_NAME = AppIcon;
				INFOPLIST_FILE = "Runtime-Method/Info.plist";
				LD_RUNPATH_SEARCH_PATHS = "$(inherited) @executable_path/Frameworks";
				PRODUCT_BUNDLE_IDENTIFIER = "liming.Runtime-Method";
				PRODUCT_NAME = "$(TARGET_NAME)";
			};
			name = Debug;
		};
		E2DCFD051F726AA200241778 /* Release */ = {
			isa = XCBuildConfiguration;
			buildSettings = {
				ASSETCATALOG_COMPILER_APPICON_NAME = AppIcon;
				INFOPLIST_FILE = "Runtime-Method/Info.plist";
				LD_RUNPATH_SEARCH_PATHS = "$(inherited) @executable_path/Frameworks";
				PRODUCT_BUNDLE_IDENTIFIER = "liming.Runtime-Method";
				PRODUCT_NAME = "$(TARGET_NAME)";
			};
			name = Release;
		};
/* End XCBuildConfiguration section */

/* Begin XCConfigurationList section */
		E2DCFCE71F726AA200241778 /* Build configuration list for PBXProject "Runtime-Method" */ = {
			isa = XCConfigurationList;
			buildConfigurations = (
				E2DCFD011F726AA200241778 /* Debug */,
				E2DCFD021F726AA200241778 /* Release */,
			);
			defaultConfigurationIsVisible = 0;
			defaultConfigurationName = Release;
		};
		E2DCFD031F726AA200241778 /* Build configuration list for PBXNativeTarget "Runtime-Method" */ = {
			isa = XCConfigurationList;
			buildConfigurations = (
				E2DCFD041F726AA200241778 /* Debug */,
				E2DCFD051F726AA200241778 /* Release */,
			);
			defaultConfigurationIsVisible = 0;
		};
/* End XCConfigurationList section */
	};
	rootObject = E2DCFCE41F726AA200241778 /* Project object */;
}
